// !$*UTF8*$!
{
	archiveVersion = 1;
	classes = {
	};
	objectVersion = 46;
	objects = {

/* Begin PBXBuildFile section */
		369133FD1CA0F897001B2A4C /* AppDelegate.swift in Sources */ = {isa = PBXBuildFile; fileRef = 369133FC1CA0F897001B2A4C /* AppDelegate.swift */; };
		369133FF1CA0F898001B2A4C /* ViewController.swift in Sources */ = {isa = PBXBuildFile; fileRef = 369133FE1CA0F898001B2A4C /* ViewController.swift */; };
		369134021CA0F898001B2A4C /* Main.storyboard in Resources */ = {isa = PBXBuildFile; fileRef = 369134001CA0F898001B2A4C /* Main.storyboard */; };
		369134041CA0F898001B2A4C /* Assets.xcassets in Resources */ = {isa = PBXBuildFile; fileRef = 369134031CA0F898001B2A4C /* Assets.xcassets */; };
		369134071CA0F898001B2A4C /* LaunchScreen.storyboard in Resources */ = {isa = PBXBuildFile; fileRef = 369134051CA0F898001B2A4C /* LaunchScreen.storyboard */; };
		369134121CA0F898001B2A4C /* fancy_tips_calculatorTests.swift in Sources */ = {isa = PBXBuildFile; fileRef = 369134111CA0F898001B2A4C /* fancy_tips_calculatorTests.swift */; };
		36C5EAB41CA3965C001A2047 /* tips_launch_image_v2.png in Resources */ = {isa = PBXBuildFile; fileRef = 36C5EAB31CA3965C001A2047 /* tips_launch_image_v2.png */; };
		36C5EAB61CA3B364001A2047 /* UIViewExtensions.swift in Sources */ = {isa = PBXBuildFile; fileRef = 36C5EAB51CA3B364001A2047 /* UIViewExtensions.swift */; };
/* End PBXBuildFile section */

/* Begin PBXContainerItemProxy section */
		3691340E1CA0F898001B2A4C /* PBXContainerItemProxy */ = {
			isa = PBXContainerItemProxy;
			containerPortal = 369133F11CA0F897001B2A4C /* Project object */;
			proxyType = 1;
			remoteGlobalIDString = 369133F81CA0F897001B2A4C;
			remoteInfo = "fancy-tips-calculator";
		};
/* End PBXContainerItemProxy section */

/* Begin PBXFileReference section */
		369133F91CA0F897001B2A4C /* fancy-tips-calculator.app */ = {isa = PBXFileReference; explicitFileType = wrapper.application; includeInIndex = 0; path = "fancy-tips-calculator.app"; sourceTree = BUILT_PRODUCTS_DIR; };
		369133FC1CA0F897001B2A4C /* AppDelegate.swift */ = {isa = PBXFileReference; lastKnownFileType = sourcecode.swift; path = AppDelegate.swift; sourceTree = "<group>"; };
		369133FE1CA0F898001B2A4C /* ViewController.swift */ = {isa = PBXFileReference; lastKnownFileType = sourcecode.swift; path = ViewController.swift; sourceTree = "<group>"; };
		369134011CA0F898001B2A4C /* Base */ = {isa = PBXFileReference; lastKnownFileType = file.storyboard; name = Base; path = Base.lproj/Main.storyboard; sourceTree = "<group>"; };
		369134031CA0F898001B2A4C /* Assets.xcassets */ = {isa = PBXFileReference; lastKnownFileType = folder.assetcatalog; path = Assets.xcassets; sourceTree = "<group>"; };
		369134061CA0F898001B2A4C /* Base */ = {isa = PBXFileReference; lastKnownFileType = file.storyboard; name = Base; path = Base.lproj/LaunchScreen.storyboard; sourceTree = "<group>"; };
		369134081CA0F898001B2A4C /* Info.plist */ = {isa = PBXFileReference; lastKnownFileType = text.plist.xml; path = Info.plist; sourceTree = "<group>"; };
		3691340D1CA0F898001B2A4C /* fancy-tips-calculatorTests.xctest */ = {isa = PBXFileReference; explicitFileType = wrapper.cfbundle; includeInIndex = 0; path = "fancy-tips-calculatorTests.xctest"; sourceTree = BUILT_PRODUCTS_DIR; };
		369134111CA0F898001B2A4C /* fancy_tips_calculatorTests.swift */ = {isa = PBXFileReference; lastKnownFileType = sourcecode.swift; path = fancy_tips_calculatorTests.swift; sourceTree = "<group>"; };
		369134131CA0F898001B2A4C /* Info.plist */ = {isa = PBXFileReference; lastKnownFileType = text.plist.xml; path = Info.plist; sourceTree = "<group>"; };
		36C5EAB31CA3965C001A2047 /* tips_launch_image_v2.png */ = {isa = PBXFileReference; lastKnownFileType = image.png; name = tips_launch_image_v2.png; path = "../../../../../Google Drive/Old Riffsy Design/tips_launch_image_v2.png"; sourceTree = "<group>"; };
		36C5EAB51CA3B364001A2047 /* UIViewExtensions.swift */ = {isa = PBXFileReference; fileEncoding = 4; lastKnownFileType = sourcecode.swift; path = UIViewExtensions.swift; sourceTree = "<group>"; };
/* End PBXFileReference section */

/* Begin PBXFrameworksBuildPhase section */
		369133F61CA0F897001B2A4C /* Frameworks */ = {
			isa = PBXFrameworksBuildPhase;
			buildActionMask = 2147483647;
			files = (
			);
			runOnlyForDeploymentPostprocessing = 0;
		};
		3691340A1CA0F898001B2A4C /* Frameworks */ = {
			isa = PBXFrameworksBuildPhase;
			buildActionMask = 2147483647;
			files = (
			);
			runOnlyForDeploymentPostprocessing = 0;
		};
/* End PBXFrameworksBuildPhase section */

/* Begin PBXGroup section */
		369133F01CA0F897001B2A4C = {
			isa = PBXGroup;
			children = (
				369133FB1CA0F897001B2A4C /* fancy-tips-calculator */,
				369134101CA0F898001B2A4C /* fancy-tips-calculatorTests */,
				369133FA1CA0F897001B2A4C /* Products */,
			);
			sourceTree = "<group>";
		};
		369133FA1CA0F897001B2A4C /* Products */ = {
			isa = PBXGroup;
			children = (
				369133F91CA0F897001B2A4C /* fancy-tips-calculator.app */,
				3691340D1CA0F898001B2A4C /* fancy-tips-calculatorTests.xctest */,
			);
			name = Products;
			sourceTree = "<group>";
		};
		369133FB1CA0F897001B2A4C /* fancy-tips-calculator */ = {
			isa = PBXGroup;
			children = (
				369133FC1CA0F897001B2A4C /* AppDelegate.swift */,
				369133FE1CA0F898001B2A4C /* ViewController.swift */,
				369134001CA0F898001B2A4C /* Main.storyboard */,
				36C5EAB51CA3B364001A2047 /* UIViewExtensions.swift */,
				369134031CA0F898001B2A4C /* Assets.xcassets */,
				36C5EAB31CA3965C001A2047 /* tips_launch_image_v2.png */,
				369134051CA0F898001B2A4C /* LaunchScreen.storyboard */,
				369134081CA0F898001B2A4C /* Info.plist */,
			);
			path = "fancy-tips-calculator";
			sourceTree = "<group>";
		};
		369134101CA0F898001B2A4C /* fancy-tips-calculatorTests */ = {
			isa = PBXGroup;
			children = (
				369134111CA0F898001B2A4C /* fancy_tips_calculatorTests.swift */,
				369134131CA0F898001B2A4C /* Info.plist */,
			);
			path = "fancy-tips-calculatorTests";
			sourceTree = "<group>";
		};
/* End PBXGroup section */

/* Begin PBXNativeTarget section */
		369133F81CA0F897001B2A4C /* fancy-tips-calculator */ = {
			isa = PBXNativeTarget;
			buildConfigurationList = 369134161CA0F898001B2A4C /* Build configuration list for PBXNativeTarget "fancy-tips-calculator" */;
			buildPhases = (
				369133F51CA0F897001B2A4C /* Sources */,
				369133F61CA0F897001B2A4C /* Frameworks */,
				369133F71CA0F897001B2A4C /* Resources */,
			);
			buildRules = (
			);
			dependencies = (
			);
			name = "fancy-tips-calculator";
			productName = "fancy-tips-calculator";
			productReference = 369133F91CA0F897001B2A4C /* fancy-tips-calculator.app */;
			productType = "com.apple.product-type.application";
		};
		3691340C1CA0F898001B2A4C /* fancy-tips-calculatorTests */ = {
			isa = PBXNativeTarget;
			buildConfigurationList = 369134191CA0F898001B2A4C /* Build configuration list for PBXNativeTarget "fancy-tips-calculatorTests" */;
			buildPhases = (
				369134091CA0F898001B2A4C /* Sources */,
				3691340A1CA0F898001B2A4C /* Frameworks */,
				3691340B1CA0F898001B2A4C /* Resources */,
			);
			buildRules = (
			);
			dependencies = (
				3691340F1CA0F898001B2A4C /* PBXTargetDependency */,
			);
			name = "fancy-tips-calculatorTests";
			productName = "fancy-tips-calculatorTests";
			productReference = 3691340D1CA0F898001B2A4C /* fancy-tips-calculatorTests.xctest */;
			productType = "com.apple.product-type.bundle.unit-test";
		};
/* End PBXNativeTarget section */

/* Begin PBXProject section */
		369133F11CA0F897001B2A4C /* Project object */ = {
			isa = PBXProject;
			attributes = {
				LastSwiftUpdateCheck = 0720;
				LastUpgradeCheck = 0720;
				ORGANIZATIONNAME = "Kyler Blue";
				TargetAttributes = {
					369133F81CA0F897001B2A4C = {
						CreatedOnToolsVersion = 7.2.1;
						DevelopmentTeam = JGX23C4G8F;
					};
					3691340C1CA0F898001B2A4C = {
						CreatedOnToolsVersion = 7.2.1;
						DevelopmentTeam = JGX23C4G8F;
						TestTargetID = 369133F81CA0F897001B2A4C;
					};
				};
			};
			buildConfigurationList = 369133F41CA0F897001B2A4C /* Build configuration list for PBXProject "fancy-tips-calculator" */;
			compatibilityVersion = "Xcode 3.2";
			developmentRegion = English;
			hasScannedForEncodings = 0;
			knownRegions = (
				en,
				Base,
			);
			mainGroup = 369133F01CA0F897001B2A4C;
			productRefGroup = 369133FA1CA0F897001B2A4C /* Products */;
			projectDirPath = "";
			projectRoot = "";
			targets = (
				369133F81CA0F897001B2A4C /* fancy-tips-calculator */,
				3691340C1CA0F898001B2A4C /* fancy-tips-calculatorTests */,
			);
		};
/* End PBXProject section */

/* Begin PBXResourcesBuildPhase section */
		369133F71CA0F897001B2A4C /* Resources */ = {
			isa = PBXResourcesBuildPhase;
			buildActionMask = 2147483647;
			files = (
				36C5EAB41CA3965C001A2047 /* tips_launch_image_v2.png in Resources */,
				369134071CA0F898001B2A4C /* LaunchScreen.storyboard in Resources */,
				369134041CA0F898001B2A4C /* Assets.xcassets in Resources */,
				369134021CA0F898001B2A4C /* Main.storyboard in Resources */,
			);
			runOnlyForDeploymentPostprocessing = 0;
		};
		3691340B1CA0F898001B2A4C /* Resources */ = {
			isa = PBXResourcesBuildPhase;
			buildActionMask = 2147483647;
			files = (
			);
			runOnlyForDeploymentPostprocessing = 0;
		};
/* End PBXResourcesBuildPhase section */

/* Begin PBXSourcesBuildPhase section */
		369133F51CA0F897001B2A4C /* Sources */ = {
			isa = PBXSourcesBuildPhase;
			buildActionMask = 2147483647;
			files = (
				369133FF1CA0F898001B2A4C /* ViewController.swift in Sources */,
				36C5EAB61CA3B364001A2047 /* UIViewExtensions.swift in Sources */,
				369133FD1CA0F897001B2A4C /* AppDelegate.swift in Sources */,
			);
			runOnlyForDeploymentPostprocessing = 0;
		};
		369134091CA0F898001B2A4C /* Sources */ = {
			isa = PBXSourcesBuildPhase;
			buildActionMask = 2147483647;
			files = (
				369134121CA0F898001B2A4C /* fancy_tips_calculatorTests.swift in Sources */,
			);
			runOnlyForDeploymentPostprocessing = 0;
		};
/* End PBXSourcesBuildPhase section */

/* Begin PBXTargetDependency section */
		3691340F1CA0F898001B2A4C /* PBXTargetDependency */ = {
			isa = PBXTargetDependency;
			target = 369133F81CA0F897001B2A4C /* fancy-tips-calculator */;
			targetProxy = 3691340E1CA0F898001B2A4C /* PBXContainerItemProxy */;
		};
/* End PBXTargetDependency section */

/* Begin PBXVariantGroup section */
		369134001CA0F898001B2A4C /* Main.storyboard */ = {
			isa = PBXVariantGroup;
			children = (
				369134011CA0F898001B2A4C /* Base */,
			);
			name = Main.storyboard;
			sourceTree = "<group>";
		};
		369134051CA0F898001B2A4C /* LaunchScreen.storyboard */ = {
			isa = PBXVariantGroup;
			children = (
				369134061CA0F898001B2A4C /* Base */,
			);
			name = LaunchScreen.storyboard;
			sourceTree = "<group>";
		};
/* End PBXVariantGroup section */

/* Begin XCBuildConfiguration section */
		369134141CA0F898001B2A4C /* Debug */ = {
			isa = XCBuildConfiguration;
			buildSettings = {
				ALWAYS_SEARCH_USER_PATHS = NO;
				CLANG_CXX_LANGUAGE_STANDARD = "gnu++0x";
				CLANG_CXX_LIBRARY = "libc++";
				CLANG_ENABLE_MODULES = YES;
				CLANG_ENABLE_OBJC_ARC = YES;
				CLANG_WARN_BOOL_CONVERSION = YES;
				CLANG_WARN_CONSTANT_CONVERSION = YES;
				CLANG_WARN_DIRECT_OBJC_ISA_USAGE = YES_ERROR;
				CLANG_WARN_EMPTY_BODY = YES;
				CLANG_WARN_ENUM_CONVERSION = YES;
				CLANG_WARN_INT_CONVERSION = YES;
				CLANG_WARN_OBJC_ROOT_CLASS = YES_ERROR;
				CLANG_WARN_UNREACHABLE_CODE = YES;
				CLANG_WARN__DUPLICATE_METHOD_MATCH = YES;
				"CODE_SIGN_IDENTITY[sdk=iphoneos*]" = "iPhone Developer";
				COPY_PHASE_STRIP = NO;
				DEBUG_INFORMATION_FORMAT = dwarf;
				ENABLE_STRICT_OBJC_MSGSEND = YES;
				ENABLE_TESTABILITY = YES;
				GCC_C_LANGUAGE_STANDARD = gnu99;
				GCC_DYNAMIC_NO_PIC = NO;
				GCC_NO_COMMON_BLOCKS = YES;
				GCC_OPTIMIZATION_LEVEL = 0;
				GCC_PREPROCESSOR_DEFINITIONS = (
					"DEBUG=1",
					"$(inherited)",
				);
				GCC_WARN_64_TO_32_BIT_CONVERSION = YES;
				GCC_WARN_ABOUT_RETURN_TYPE = YES_ERROR;
				GCC_WARN_UNDECLARED_SELECTOR = YES;
				GCC_WARN_UNINITIALIZED_AUTOS = YES_AGGRESSIVE;
				GCC_WARN_UNUSED_FUNCTION = YES;
				GCC_WARN_UNUSED_VARIABLE = YES;
				IPHONEOS_DEPLOYMENT_TARGET = 9.2;
				MTL_ENABLE_DEBUG_INFO = YES;
				ONLY_ACTIVE_ARCH = YES;
				SDKROOT = iphoneos;
				SWIFT_OPTIMIZATION_LEVEL = "-Onone";
			};
			name = Debug;
		};
		369134151CA0F898001B2A4C /* Release */ = {
			isa = XCBuildConfiguration;
			buildSettings = {
				ALWAYS_SEARCH_USER_PATHS = NO;
				CLANG_CXX_LANGUAGE_STANDARD = "gnu++0x";
				CLANG_CXX_LIBRARY = "libc++";
				CLANG_ENABLE_MODULES = YES;
				CLANG_ENABLE_OBJC_ARC = YES;
				CLANG_WARN_BOOL_CONVERSION = YES;
				CLANG_WARN_CONSTANT_CONVERSION = YES;
				CLANG_WARN_DIRECT_OBJC_ISA_USAGE = YES_ERROR;
				CLANG_WARN_EMPTY_BODY = YES;
				CLANG_WARN_ENUM_CONVERSION = YES;
				CLANG_WARN_INT_CONVERSION = YES;
				CLANG_WARN_OBJC_ROOT_CLASS = YES_ERROR;
				CLANG_WARN_UNREACHABLE_CODE = YES;
				CLANG_WARN__DUPLICATE_METHOD_MATCH = YES;
				"CODE_SIGN_IDENTITY[sdk=iphoneos*]" = "iPhone Developer";
				COPY_PHASE_STRIP = NO;
				DEBUG_INFORMATION_FORMAT = "dwarf-with-dsym";
				ENABLE_NS_ASSERTIONS = NO;
				ENABLE_STRICT_OBJC_MSGSEND = YES;
				GCC_C_LANGUAGE_STANDARD = gnu99;
				GCC_NO_COMMON_BLOCKS = YES;
				GCC_WARN_64_TO_32_BIT_CONVERSION = YES;
				GCC_WARN_ABOUT_RETURN_TYPE = YES_ERROR;
				GCC_WARN_UNDECLARED_SELECTOR = YES;
				GCC_WARN_UNINITIALIZED_AUTOS = YES_AGGRESSIVE;
				GCC_WARN_UNUSED_FUNCTION = YES;
				GCC_WARN_UNUSED_VARIABLE = YES;
				IPHONEOS_DEPLOYMENT_TARGET = 9.2;
				MTL_ENABLE_DEBUG_INFO = NO;
				SDKROOT = iphoneos;
				VALIDATE_PRODUCT = YES;
			};
			name = Release;
		};
		369134171CA0F898001B2A4C /* Debug */ = {
			isa = XCBuildConfiguration;
			buildSettings = {
				ASSETCATALOG_COMPILER_APPICON_NAME = AppIcon;
				ASSETCATALOG_COMPILER_LAUNCHIMAGE_NAME = "Brand Assets";
				INFOPLIST_FILE = "fancy-tips-calculator/Info.plist";
				LD_RUNPATH_SEARCH_PATHS = "$(inherited) @executable_path/Frameworks";
				PRODUCT_BUNDLE_IDENTIFIER = "com.kylerblue.fancy-tips-calculator";
				PRODUCT_NAME = "$(TARGET_NAME)";
			};
			name = Debug;
		};
		369134181CA0F898001B2A4C /* Release */ = {
			isa = XCBuildConfiguration;
			buildSettings = {
				ASSETCATALOG_COMPILER_APPICON_NAME = AppIcon;
				ASSETCATALOG_COMPILER_LAUNCHIMAGE_NAME = "Brand Assets";
				INFOPLIST_FILE = "fancy-tips-calculator/Info.plist";
				LD_RUNPATH_SEARCH_PATHS = "$(inherited) @executable_path/Frameworks";
				PRODUCT_BUNDLE_IDENTIFIER = "com.kylerblue.fancy-tips-calculator";
				PRODUCT_NAME = "$(TARGET_NAME)";
			};
			name = Release;
		};
		3691341A1CA0F898001B2A4C /* Debug */ = {
			isa = XCBuildConfiguration;
			buildSettings = {
				BUNDLE_LOADER = "$(TEST_HOST)";
				INFOPLIST_FILE = "fancy-tips-calculatorTests/Info.plist";
				LD_RUNPATH_SEARCH_PATHS = "$(inherited) @executable_path/Frameworks @loader_path/Frameworks";
				PRODUCT_BUNDLE_IDENTIFIER = "com.kylerblue.fancy-tips-calculatorTests";
				PRODUCT_NAME = "$(TARGET_NAME)";
				TEST_HOST = "$(BUILT_PRODUCTS_DIR)/fancy-tips-calculator.app/fancy-tips-calculator";
			};
			name = Debug;
		};
		3691341B1CA0F898001B2A4C /* Release */ = {
			isa = XCBuildConfiguration;
			buildSettings = {
				BUNDLE_LOADER = "$(TEST_HOST)";
				INFOPLIST_FILE = "fancy-tips-calculatorTests/Info.plist";
				LD_RUNPATH_SEARCH_PATHS = "$(inherited) @executable_path/Frameworks @loader_path/Frameworks";
				PRODUCT_BUNDLE_IDENTIFIER = "com.kylerblue.fancy-tips-calculatorTests";
				PRODUCT_NAME = "$(TARGET_NAME)";
				TEST_HOST = "$(BUILT_PRODUCTS_DIR)/fancy-tips-calculator.app/fancy-tips-calculator";
			};
			name = Release;
		};
/* End XCBuildConfiguration section */

/* Begin XCConfigurationList section */
		369133F41CA0F897001B2A4C /* Build configuration list for PBXProject "fancy-tips-calculator" */ = {
			isa = XCConfigurationList;
			buildConfigurations = (
				369134141CA0F898001B2A4C /* Debug */,
				369134151CA0F898001B2A4C /* Release */,
			);
			defaultConfigurationIsVisible = 0;
			defaultConfigurationName = Release;
		};
		369134161CA0F898001B2A4C /* Build configuration list for PBXNativeTarget "fancy-tips-calculator" */ = {
			isa = XCConfigurationList;
			buildConfigurations = (
				369134171CA0F898001B2A4C /* Debug */,
				369134181CA0F898001B2A4C /* Release */,
			);
			defaultConfigurationIsVisible = 0;
			defaultConfigurationName = Release;
		};
		369134191CA0F898001B2A4C /* Build configuration list for PBXNativeTarget "fancy-tips-calculatorTests" */ = {
			isa = XCConfigurationList;
			buildConfigurations = (
				3691341A1CA0F898001B2A4C /* Debug */,
				3691341B1CA0F898001B2A4C /* Release */,
			);
			defaultConfigurationIsVisible = 0;
			defaultConfigurationName = Release;
		};
/* End XCConfigurationList section */
	};
	rootObject = 369133F11CA0F897001B2A4C /* Project object */;
}
